
Microsoft Visual Studio Solution File, Format Version 12.00
# Visual Studio Version 16
VisualStudioVersion = 16.0.30413.136
MinimumVisualStudioVersion = 10.0.40219.1
Project("{8BC9CEB8-8B4A-11D0-8D11-00A0C91BC942}") = "m1_tunelredirect", "m1_tunelredirect.vcxproj", "{F47FAE88-0599-4C7E-9C2B-DC2950705DE8}"
EndProject
Global
	GlobalSection(SolutionConfigurationPlatforms) = preSolution
		Debug|x64 = Debug|x64
		Debug|x86 = Debug|x86
		Release|x64 = Release|x64
		Release|x86 = Release|x86
	EndGlobalSection
	GlobalSection(ProjectConfigurationPlatforms) = postSolution
		{F47FAE88-0599-4C7E-9C2B-DC2950705DE8}.Debug|x64.ActiveCfg = Debug|x64
		{F47FAE88-0599-4C7E-9C2B-DC2950705DE8}.Debug|x64.Build.0 = Debug|x64
		{F47FAE88-0599-4C7E-9C2B-DC2950705DE8}.Debug|x86.ActiveCfg = Debug|Win32
		{F47FAE88-0599-4C7E-9C2B-DC2950705DE8}.Debug|x86.Build.0 = Debug|Win32
		{F47FAE88-0599-4C7E-9C2B-DC2950705DE8}.Release|x64.ActiveCfg = Release|x64
		{F47FAE88-0599-4C7E-9C2B-DC2950705DE8}.Release|x64.Build.0 = Release|x64
		{F47FAE88-0599-4C7E-9C2B-DC2950705DE8}.Release|x86.ActiveCfg = Release|Win32
		{F47FAE88-0599-4C7E-9C2B-DC2950705DE8}.Release|x86.Build.0 = Release|Win32
	EndGlobalSection
	GlobalSection(SolutionProperties) = preSolution
		HideSolutionNode = FALSE
	EndGlobalSection
	GlobalSection(ExtensibilityGlobals) = postSolution
		SolutionGuid = {22706B81-ED90-42A8-BD3A-C8B8C5A1C3E9}
	EndGlobalSection
EndGlobal
