
Microsoft Visual Studio Solution File, Format Version 12.00
# Visual Studio Version 16
VisualStudioVersion = 16.0.29609.76
MinimumVisualStudioVersion = 10.0.40219.1
Project("{FAE04EC0-301F-11D3-BF4B-00C04F79EFBC}") = "ReadFortrade1", "ReadFortrade1\ReadFortrade1.csproj", "{3C57BF24-98F7-4B69-A644-8C6C4D845D36}"
EndProject
Global
	GlobalSection(SolutionConfigurationPlatforms) = preSolution
		Debug|Any CPU = Debug|Any CPU
		Release|Any CPU = Release|Any CPU
	EndGlobalSection
	GlobalSection(ProjectConfigurationPlatforms) = postSolution
		{3C57BF24-98F7-4B69-A644-8C6C4D845D36}.Debug|Any CPU.ActiveCfg = Debug|Any CPU
		{3C57BF24-98F7-4B69-A644-8C6C4D845D36}.Debug|Any CPU.Build.0 = Debug|Any CPU
		{3C57BF24-98F7-4B69-A644-8C6C4D845D36}.Release|Any CPU.ActiveCfg = Release|Any CPU
		{3C57BF24-98F7-4B69-A644-8C6C4D845D36}.Release|Any CPU.Build.0 = Release|Any CPU
	EndGlobalSection
	GlobalSection(SolutionProperties) = preSolution
		HideSolutionNode = FALSE
	EndGlobalSection
	GlobalSection(ExtensibilityGlobals) = postSolution
		SolutionGuid = {65B4E9AA-8979-4DEE-8CFA-6BA6705E5BF5}
	EndGlobalSection
EndGlobal
