
Microsoft Visual Studio Solution File, Format Version 12.00
# Visual Studio Version 16
VisualStudioVersion = 16.0.31005.135
MinimumVisualStudioVersion = 10.0.40219.1
Project("{9A19103F-16F7-4668-BE54-9A1E7A4F7556}") = "Recognize", "Recognize.csproj", "{20A2D909-2780-43C5-97DF-1762576CC21B}"
EndProject
Global
	GlobalSection(SolutionConfigurationPlatforms) = preSolution
		Debug|Any CPU = Debug|Any CPU
		Release|Any CPU = Release|Any CPU
	EndGlobalSection
	GlobalSection(ProjectConfigurationPlatforms) = postSolution
		{20A2D909-2780-43C5-97DF-1762576CC21B}.Debug|Any CPU.ActiveCfg = Debug|Any CPU
		{20A2D909-2780-43C5-97DF-1762576CC21B}.Debug|Any CPU.Build.0 = Debug|Any CPU
		{20A2D909-2780-43C5-97DF-1762576CC21B}.Release|Any CPU.ActiveCfg = Release|Any CPU
		{20A2D909-2780-43C5-97DF-1762576CC21B}.Release|Any CPU.Build.0 = Release|Any CPU
	EndGlobalSection
	GlobalSection(SolutionProperties) = preSolution
		HideSolutionNode = FALSE
	EndGlobalSection
	GlobalSection(ExtensibilityGlobals) = postSolution
		SolutionGuid = {BCCF3895-F0F0-4629-8C9D-ECA86BC2F71D}
	EndGlobalSection
EndGlobal
