
Microsoft Visual Studio Solution File, Format Version 12.00
# Visual Studio 15
VisualStudioVersion = 15.0.27130.2020
MinimumVisualStudioVersion = 10.0.40219.1
Project("{FAE04EC0-301F-11D3-BF4B-00C04F79EFBC}") = "ChatConnector", "ChatConnector\ChatConnector.csproj", "{9B07A996-02BA-499B-BDAD-77DB52BE69B5}"
EndProject
Global
	GlobalSection(SolutionConfigurationPlatforms) = preSolution
		Debug|Any CPU = Debug|Any CPU
		Release|Any CPU = Release|Any CPU
	EndGlobalSection
	GlobalSection(ProjectConfigurationPlatforms) = postSolution
		{9B07A996-02BA-499B-BDAD-77DB52BE69B5}.Debug|Any CPU.ActiveCfg = Debug|Any CPU
		{9B07A996-02BA-499B-BDAD-77DB52BE69B5}.Debug|Any CPU.Build.0 = Debug|Any CPU
		{9B07A996-02BA-499B-BDAD-77DB52BE69B5}.Release|Any CPU.ActiveCfg = Release|Any CPU
		{9B07A996-02BA-499B-BDAD-77DB52BE69B5}.Release|Any CPU.Build.0 = Release|Any CPU
	EndGlobalSection
	GlobalSection(SolutionProperties) = preSolution
		HideSolutionNode = FALSE
	EndGlobalSection
	GlobalSection(ExtensibilityGlobals) = postSolution
		SolutionGuid = {1B0191BD-BA22-49C1-8619-1354B9C47505}
	EndGlobalSection
EndGlobal
