
Microsoft Visual Studio Solution File, Format Version 12.00
# Visual Studio Version 16
VisualStudioVersion = 16.0.30413.136
MinimumVisualStudioVersion = 10.0.40219.1
Project("{FAE04EC0-301F-11D3-BF4B-00C04F79EFBC}") = "FlowerSeller", "FlowerSeller.csproj", "{F9C953E5-1B93-44BD-A4D8-FB5A06DDB695}"
EndProject
Global
	GlobalSection(SolutionConfigurationPlatforms) = preSolution
		Debug|Any CPU = Debug|Any CPU
		Release|Any CPU = Release|Any CPU
	EndGlobalSection
	GlobalSection(ProjectConfigurationPlatforms) = postSolution
		{F9C953E5-1B93-44BD-A4D8-FB5A06DDB695}.Debug|Any CPU.ActiveCfg = Debug|Any CPU
		{F9C953E5-1B93-44BD-A4D8-FB5A06DDB695}.Debug|Any CPU.Build.0 = Debug|Any CPU
		{F9C953E5-1B93-44BD-A4D8-FB5A06DDB695}.Release|Any CPU.ActiveCfg = Release|Any CPU
		{F9C953E5-1B93-44BD-A4D8-FB5A06DDB695}.Release|Any CPU.Build.0 = Release|Any CPU
	EndGlobalSection
	GlobalSection(SolutionProperties) = preSolution
		HideSolutionNode = FALSE
	EndGlobalSection
	GlobalSection(ExtensibilityGlobals) = postSolution
		SolutionGuid = {51932B07-B6DA-43DA-B3E7-6EF5F6A129ED}
	EndGlobalSection
EndGlobal
