<?xml version="1.0" encoding="utf-8"?>
<Project ToolsVersion="4.0" xmlns="http://schemas.microsoft.com/developer/msbuild/2003">
  <ItemGroup>
    <Filter Include="Source Files">
      <UniqueIdentifier>{4FC737F1-C7A5-4376-A066-2A32D752A2FF}</UniqueIdentifier>
      <Extensions>cpp;c;cc;cxx;c++;cppm;ixx;def;odl;idl;hpj;bat;asm;asmx</Extensions>
    </Filter>
    <Filter Include="Header Files">
      <UniqueIdentifier>{93995380-89BD-4b04-88EB-625FBE52EBFB}</UniqueIdentifier>
      <Extensions>h;hh;hpp;hxx;h++;hm;inl;inc;ipp;xsd</Extensions>
    </Filter>
    <Filter Include="Resource Files">
      <UniqueIdentifier>{67DA6AB6-F800-4c08-8B7A-83BB121AAD01}</UniqueIdentifier>
      <Extensions>rc;ico;cur;bmp;dlg;rc2;rct;bin;rgs;gif;jpg;jpeg;jpe;resx;tiff;tif;png;wav;mfcribbon-ms</Extensions>
    </Filter>
    <Filter Include="curl">
      <UniqueIdentifier>{3fce7e83-9d59-4377-af93-18ffd9db3807}</UniqueIdentifier>
    </Filter>
    <Filter Include="FromOtherProject">
      <UniqueIdentifier>{b6528e76-0d2e-42b3-a89d-b316d7b1979d}</UniqueIdentifier>
    </Filter>
  </ItemGroup>
  <ItemGroup>
    <ClCompile Include="main.cpp">
      <Filter>Source Files</Filter>
    </ClCompile>
    <ClCompile Include="StdAfx.cpp">
      <Filter>Source Files</Filter>
    </ClCompile>
    <ClCompile Include="..\RedirectToSocks5\FirewallUtil.cpp">
      <Filter>FromOtherProject</Filter>
    </ClCompile>
    <ClCompile Include="..\RedirectToSocks5\GetBiosUUID_Win.cpp">
      <Filter>FromOtherProject</Filter>
    </ClCompile>
    <ClCompile Include="..\RedirectToSocks5\Licensing.cpp">
      <Filter>FromOtherProject</Filter>
    </ClCompile>
    <ClCompile Include="..\RedirectToSocks5\LicensingEncoder.cpp">
      <Filter>FromOtherProject</Filter>
    </ClCompile>
    <ClCompile Include="..\RedirectToSocks5\LicensingFingerprint.cpp">
      <Filter>FromOtherProject</Filter>
    </ClCompile>
    <ClCompile Include="..\RedirectToSocks5\Utils.cpp">
      <Filter>FromOtherProject</Filter>
    </ClCompile>
  </ItemGroup>
  <ItemGroup>
    <ClInclude Include="StdAfx.h">
      <Filter>Source Files</Filter>
    </ClInclude>
    <ClInclude Include="..\RedirectToSocks5\FirewallUtil.h">
      <Filter>FromOtherProject</Filter>
    </ClInclude>
    <ClInclude Include="..\RedirectToSocks5\GetBiosUUID.h">
      <Filter>FromOtherProject</Filter>
    </ClInclude>
    <ClInclude Include="..\RedirectToSocks5\Licensing.h">
      <Filter>FromOtherProject</Filter>
    </ClInclude>
    <ClInclude Include="..\RedirectToSocks5\Utils.h">
      <Filter>FromOtherProject</Filter>
    </ClInclude>
    <ClInclude Include="curl\curl.h">
      <Filter>curl</Filter>
    </ClInclude>
    <ClInclude Include="curl\curlver.h">
      <Filter>curl</Filter>
    </ClInclude>
    <ClInclude Include="curl\easy.h">
      <Filter>curl</Filter>
    </ClInclude>
    <ClInclude Include="curl\mprintf.h">
      <Filter>curl</Filter>
    </ClInclude>
    <ClInclude Include="curl\multi.h">
      <Filter>curl</Filter>
    </ClInclude>
    <ClInclude Include="curl\options.h">
      <Filter>curl</Filter>
    </ClInclude>
    <ClInclude Include="curl\stdcheaders.h">
      <Filter>curl</Filter>
    </ClInclude>
    <ClInclude Include="curl\system.h">
      <Filter>curl</Filter>
    </ClInclude>
    <ClInclude Include="curl\typecheck-gcc.h">
      <Filter>curl</Filter>
    </ClInclude>
    <ClInclude Include="curl\urlapi.h">
      <Filter>curl</Filter>
    </ClInclude>
    <ClInclude Include="..\RedirectToSocks5\CommHandler.h">
      <Filter>FromOtherProject</Filter>
    </ClInclude>
  </ItemGroup>
</Project>