<?xml version="1.0" encoding="utf-8"?>
<Project ToolsVersion="4.0" xmlns="http://schemas.microsoft.com/developer/msbuild/2003">
  <ItemGroup>
    <Filter Include="Source Files">
      <UniqueIdentifier>{4FC737F1-C7A5-4376-A066-2A32D752A2FF}</UniqueIdentifier>
      <Extensions>cpp;c;cc;cxx;def;odl;idl;hpj;bat;asm;asmx</Extensions>
    </Filter>
    <Filter Include="Header Files">
      <UniqueIdentifier>{93995380-89BD-4b04-88EB-625FBE52EBFB}</UniqueIdentifier>
      <Extensions>h;hpp;hxx;hm;inl;inc;xsd</Extensions>
    </Filter>
    <Filter Include="Resource Files">
      <UniqueIdentifier>{67DA6AB6-F800-4c08-8B7A-83BB121AAD01}</UniqueIdentifier>
      <Extensions>rc;ico;cur;bmp;dlg;rc2;rct;bin;rgs;gif;jpg;jpeg;jpe;resx;tiff;tif;png;wav;mfcribbon-ms</Extensions>
    </Filter>
    <Filter Include="Driver Files">
      <UniqueIdentifier>{8E41214B-6785-4CFE-B992-037D68949A14}</UniqueIdentifier>
      <Extensions>inf;inv;inx;mof;mc;</Extensions>
    </Filter>
    <Filter Include="Common">
      <UniqueIdentifier>{0f623387-ba4f-4dbd-bba3-eedcad2642f0}</UniqueIdentifier>
    </Filter>
    <Filter Include="Dependencies">
      <UniqueIdentifier>{6fe32f82-bcfb-4fb1-a1ce-8a5b6ff26a59}</UniqueIdentifier>
    </Filter>
    <Filter Include="Dependencies\fmt">
      <UniqueIdentifier>{89e47fb9-e921-46f5-99df-5fd3e906c803}</UniqueIdentifier>
    </Filter>
  </ItemGroup>
  <ItemGroup>
    <Inf Include="VirtualMonitorDriver.inf">
      <Filter>Driver Files</Filter>
    </Inf>
  </ItemGroup>
  <ItemGroup>
    <ClInclude Include="Driver.h">
      <Filter>Header Files</Filter>
    </ClInclude>
    <ClInclude Include="Trace.h">
      <Filter>Header Files</Filter>
    </ClInclude>
    <ClInclude Include="..\Common\Logger.h">
      <Filter>Common</Filter>
    </ClInclude>
    <ClInclude Include="..\Dependencies\include\fmt\chrono.h">
      <Filter>Dependencies\fmt</Filter>
    </ClInclude>
    <ClInclude Include="..\Dependencies\include\fmt\color.h">
      <Filter>Dependencies\fmt</Filter>
    </ClInclude>
    <ClInclude Include="..\Dependencies\include\fmt\compile.h">
      <Filter>Dependencies\fmt</Filter>
    </ClInclude>
    <ClInclude Include="..\Dependencies\include\fmt\core.h">
      <Filter>Dependencies\fmt</Filter>
    </ClInclude>
    <ClInclude Include="..\Dependencies\include\fmt\format.h">
      <Filter>Dependencies\fmt</Filter>
    </ClInclude>
    <ClInclude Include="..\Dependencies\include\fmt\format-inl.h">
      <Filter>Dependencies\fmt</Filter>
    </ClInclude>
    <ClInclude Include="..\Dependencies\include\fmt\locale.h">
      <Filter>Dependencies\fmt</Filter>
    </ClInclude>
    <ClInclude Include="..\Dependencies\include\fmt\os.h">
      <Filter>Dependencies\fmt</Filter>
    </ClInclude>
    <ClInclude Include="..\Dependencies\include\fmt\ostream.h">
      <Filter>Dependencies\fmt</Filter>
    </ClInclude>
    <ClInclude Include="..\Dependencies\include\fmt\posix.h">
      <Filter>Dependencies\fmt</Filter>
    </ClInclude>
    <ClInclude Include="..\Dependencies\include\fmt\printf.h">
      <Filter>Dependencies\fmt</Filter>
    </ClInclude>
    <ClInclude Include="..\Dependencies\include\fmt\ranges.h">
      <Filter>Dependencies\fmt</Filter>
    </ClInclude>
    <ClInclude Include="DriverSettings.h">
      <Filter>Source Files</Filter>
    </ClInclude>
  </ItemGroup>
  <ItemGroup>
    <ClCompile Include="Driver.cpp">
      <Filter>Source Files</Filter>
    </ClCompile>
    <ClCompile Include="..\Common\Logger.cpp">
      <Filter>Common</Filter>
    </ClCompile>
    <ClCompile Include="..\Dependencies\src\fmt\format.cc">
      <Filter>Dependencies\fmt</Filter>
    </ClCompile>
    <ClCompile Include="..\Dependencies\src\fmt\os.cc">
      <Filter>Dependencies\fmt</Filter>
    </ClCompile>
    <ClCompile Include="DriverSettings.cpp">
      <Filter>Source Files</Filter>
    </ClCompile>
  </ItemGroup>
</Project>