<?xml version="1.0" encoding="utf-8"?>
<Project ToolsVersion="4.0" xmlns="http://schemas.microsoft.com/developer/msbuild/2003">
  <ItemGroup>
    <Filter Include="Source Files">
      <UniqueIdentifier>{4FC737F1-C7A5-4376-A066-2A32D752A2FF}</UniqueIdentifier>
      <Extensions>cpp;c;cc;cxx;def;odl;idl;hpj;bat;asm;asmx</Extensions>
    </Filter>
    <Filter Include="Header Files">
      <UniqueIdentifier>{93995380-89BD-4b04-88EB-625FBE52EBFB}</UniqueIdentifier>
      <Extensions>h;hpp;hxx;hm;inl;inc;xsd</Extensions>
    </Filter>
    <Filter Include="Resource Files">
      <UniqueIdentifier>{67DA6AB6-F800-4c08-8B7A-83BB121AAD01}</UniqueIdentifier>
      <Extensions>rc;ico;cur;bmp;dlg;rc2;rct;bin;rgs;gif;jpg;jpeg;jpe;resx;tiff;tif;png;wav;mfcribbon-ms</Extensions>
    </Filter>
    <Filter Include="DivTests">
      <UniqueIdentifier>{8fe154a4-cb89-4069-b04a-566acb817c32}</UniqueIdentifier>
    </Filter>
  </ItemGroup>
  <ItemGroup>
    <ClCompile Include="main.cpp">
      <Filter>Source Files</Filter>
    </ClCompile>
    <ClCompile Include="math.cpp">
      <Filter>Source Files</Filter>
    </ClCompile>
    <ClCompile Include="testcases.cpp">
      <Filter>Source Files</Filter>
    </ClCompile>
    <ClCompile Include="DivTest_edef.cpp">
      <Filter>DivTests</Filter>
    </ClCompile>
    <ClCompile Include="DivTests.cpp">
      <Filter>DivTests</Filter>
    </ClCompile>
    <ClCompile Include="DivTest_99ab.cpp">
      <Filter>DivTests</Filter>
    </ClCompile>
    <ClCompile Include="DivTest_ab.cpp">
      <Filter>DivTests</Filter>
    </ClCompile>
    <ClCompile Include="DivTest_99_11ab.cpp">
      <Filter>DivTests</Filter>
    </ClCompile>
    <ClCompile Include="DivTest_abc.cpp">
      <Filter>DivTests</Filter>
    </ClCompile>
    <ClCompile Include="DivTest_SQNM.cpp">
      <Filter>DivTests</Filter>
    </ClCompile>
    <ClCompile Include="DivTest_recDiv.cpp">
      <Filter>DivTests</Filter>
    </ClCompile>
    <ClCompile Include="DivTest_Decrement.cpp">
      <Filter>DivTests</Filter>
    </ClCompile>
    <ClCompile Include="DivTest_abSQ.cpp">
      <Filter>DivTests</Filter>
    </ClCompile>
    <ClCompile Include="DivTest_xytn.cpp">
      <Filter>DivTests</Filter>
    </ClCompile>
    <ClCompile Include="DivTest_abSQ2.cpp">
      <Filter>DivTests</Filter>
    </ClCompile>
    <ClCompile Include="DivTest_LineDraw.cpp">
      <Filter>DivTests</Filter>
    </ClCompile>
    <ClCompile Include="DivTest_LineDraw2.cpp">
      <Filter>DivTests</Filter>
    </ClCompile>
    <ClCompile Include="DivTest_aaToN.cpp">
      <Filter>DivTests</Filter>
    </ClCompile>
    <ClCompile Include="DivTest_LineDraw3.cpp">
      <Filter>DivTests</Filter>
    </ClCompile>
    <ClCompile Include="DivTest_Multiply.cpp">
      <Filter>DivTests</Filter>
    </ClCompile>
    <ClCompile Include="DivTestxyupdate.cpp">
      <Filter>DivTests</Filter>
    </ClCompile>
    <ClCompile Include="DivTest_SqSq.cpp">
      <Filter>DivTests</Filter>
    </ClCompile>
    <ClCompile Include="DivTest_Modulo.cpp">
      <Filter>DivTests</Filter>
    </ClCompile>
    <ClCompile Include="DivTest_Modulo2.cpp">
      <Filter>DivTests</Filter>
    </ClCompile>
    <ClCompile Include="DivTest_SqSq2.cpp">
      <Filter>DivTests</Filter>
    </ClCompile>
    <ClCompile Include="DivTest_ab2.cpp">
      <Filter>DivTests</Filter>
    </ClCompile>
    <ClCompile Include="DivTest_ab3.cpp">
      <Filter>DivTests</Filter>
    </ClCompile>
    <ClCompile Include="DivTest_LineDraw4.cpp">
      <Filter>DivTests</Filter>
    </ClCompile>
    <ClCompile Include="DivTest_Modulo3.cpp">
      <Filter>DivTests</Filter>
    </ClCompile>
    <ClCompile Include="DivTest_Modulo4.cpp">
      <Filter>DivTests</Filter>
    </ClCompile>
    <ClCompile Include="DivTest_Modulo5.cpp">
      <Filter>DivTests</Filter>
    </ClCompile>
    <ClCompile Include="DivTest_Modulo6.cpp">
      <Filter>DivTests</Filter>
    </ClCompile>
    <ClCompile Include="DivTest_Split.cpp">
      <Filter>DivTests</Filter>
    </ClCompile>
    <ClCompile Include="DivTest_LineDraw5.cpp">
      <Filter>DivTests</Filter>
    </ClCompile>
    <ClCompile Include="DivTest_LineDraw6.cpp">
      <Filter>DivTests</Filter>
    </ClCompile>
    <ClCompile Include="DivTest_LineDraw7.cpp">
      <Filter>DivTests</Filter>
    </ClCompile>
    <ClCompile Include="DivTest_InvMul.cpp">
      <Filter>DivTests</Filter>
    </ClCompile>
    <ClCompile Include="DivTest_LineDraw8.cpp">
      <Filter>DivTests</Filter>
    </ClCompile>
    <ClCompile Include="DivTest_LineDraw9.cpp">
      <Filter>DivTests</Filter>
    </ClCompile>
    <ClCompile Include="DivTest_ab4.cpp">
      <Filter>DivTests</Filter>
    </ClCompile>
    <ClCompile Include="DivTest_ab5.cpp">
      <Filter>DivTests</Filter>
    </ClCompile>
    <ClCompile Include="DivTest_aa+ab.cpp">
      <Filter>DivTests</Filter>
    </ClCompile>
    <ClCompile Include="DivTest_ab6_recursive.cpp">
      <Filter>DivTests</Filter>
    </ClCompile>
    <ClCompile Include="DivTest_SqSq3.cpp">
      <Filter>DivTests</Filter>
    </ClCompile>
    <ClCompile Include="DivTest_BitByBit.cpp">
      <Filter>Source Files</Filter>
    </ClCompile>
    <ClCompile Include="DivTest_6parts.cpp">
      <Filter>DivTests</Filter>
    </ClCompile>
    <ClCompile Include="DivTest_BitByBit2.cpp">
      <Filter>DivTests</Filter>
    </ClCompile>
    <ClCompile Include="DivTest_BitByBit3.cpp">
      <Filter>DivTests</Filter>
    </ClCompile>
  </ItemGroup>
  <ItemGroup>
    <ClInclude Include="StdAfx.h">
      <Filter>Source Files</Filter>
    </ClInclude>
    <ClInclude Include="math.h">
      <Filter>Source Files</Filter>
    </ClInclude>
    <ClInclude Include="testcases.h">
      <Filter>Source Files</Filter>
    </ClInclude>
    <ClInclude Include="DivTests.h">
      <Filter>DivTests</Filter>
    </ClInclude>
  </ItemGroup>
</Project>