
Microsoft Visual Studio Solution File, Format Version 12.00
# Visual Studio Version 17
VisualStudioVersion = 17.10.34928.147
MinimumVisualStudioVersion = 10.0.40219.1
Project("{FAE04EC0-301F-11D3-BF4B-00C04F79EFBC}") = "FileExplorer", "FileExplorer\FileExplorer.csproj", "{FFDDF48B-433F-4AAE-88D2-CD0241D50142}"
EndProject
Global
	GlobalSection(SolutionConfigurationPlatforms) = preSolution
		Debug|Any CPU = Debug|Any CPU
		Release|Any CPU = Release|Any CPU
	EndGlobalSection
	GlobalSection(ProjectConfigurationPlatforms) = postSolution
		{FFDDF48B-433F-4AAE-88D2-CD0241D50142}.Debug|Any CPU.ActiveCfg = Debug|Any CPU
		{FFDDF48B-433F-4AAE-88D2-CD0241D50142}.Debug|Any CPU.Build.0 = Debug|Any CPU
		{FFDDF48B-433F-4AAE-88D2-CD0241D50142}.Release|Any CPU.ActiveCfg = Release|Any CPU
		{FFDDF48B-433F-4AAE-88D2-CD0241D50142}.Release|Any CPU.Build.0 = Release|Any CPU
	EndGlobalSection
	GlobalSection(SolutionProperties) = preSolution
		HideSolutionNode = FALSE
	EndGlobalSection
	GlobalSection(ExtensibilityGlobals) = postSolution
		SolutionGuid = {06F6511B-55AD-4F95-80AF-289AB43ABCEA}
	EndGlobalSection
EndGlobal
