
Microsoft Visual Studio Solution File, Format Version 12.00
# Visual Studio Version 17
VisualStudioVersion = 17.3.32922.545
MinimumVisualStudioVersion = 10.0.40219.1
Project("{8BC9CEB8-8B4A-11D0-8D11-00A0C91BC942}") = "DrawBin2PNG", "DrawBin2PNG.vcxproj", "{92179D0F-A45F-45D8-A8EF-3E914FDA2412}"
EndProject
Global
	GlobalSection(SolutionConfigurationPlatforms) = preSolution
		Debug|x64 = Debug|x64
		Debug|x86 = Debug|x86
		Release|x64 = Release|x64
		Release|x86 = Release|x86
	EndGlobalSection
	GlobalSection(ProjectConfigurationPlatforms) = postSolution
		{92179D0F-A45F-45D8-A8EF-3E914FDA2412}.Debug|x64.ActiveCfg = Debug|x64
		{92179D0F-A45F-45D8-A8EF-3E914FDA2412}.Debug|x64.Build.0 = Debug|x64
		{92179D0F-A45F-45D8-A8EF-3E914FDA2412}.Debug|x86.ActiveCfg = Debug|Win32
		{92179D0F-A45F-45D8-A8EF-3E914FDA2412}.Debug|x86.Build.0 = Debug|Win32
		{92179D0F-A45F-45D8-A8EF-3E914FDA2412}.Release|x64.ActiveCfg = Release|x64
		{92179D0F-A45F-45D8-A8EF-3E914FDA2412}.Release|x64.Build.0 = Release|x64
		{92179D0F-A45F-45D8-A8EF-3E914FDA2412}.Release|x86.ActiveCfg = Release|Win32
		{92179D0F-A45F-45D8-A8EF-3E914FDA2412}.Release|x86.Build.0 = Release|Win32
	EndGlobalSection
	GlobalSection(SolutionProperties) = preSolution
		HideSolutionNode = FALSE
	EndGlobalSection
	GlobalSection(ExtensibilityGlobals) = postSolution
		SolutionGuid = {EBA23306-0704-4225-8643-5A90BF1FD294}
	EndGlobalSection
EndGlobal
