
Microsoft Visual Studio Solution File, Format Version 12.00
# Visual Studio Version 17
VisualStudioVersion = 17.3.32922.545
MinimumVisualStudioVersion = 10.0.40219.1
Project("{FAE04EC0-301F-11D3-BF4B-00C04F79EFBC}") = "SigToBin", "SigToBin.csproj", "{38061C95-2D8F-4A38-8C3E-7CD58C3BD3FD}"
EndProject
Global
	GlobalSection(SolutionConfigurationPlatforms) = preSolution
		Debug|Any CPU = Debug|Any CPU
		Release|Any CPU = Release|Any CPU
	EndGlobalSection
	GlobalSection(ProjectConfigurationPlatforms) = postSolution
		{38061C95-2D8F-4A38-8C3E-7CD58C3BD3FD}.Debug|Any CPU.ActiveCfg = Debug|Any CPU
		{38061C95-2D8F-4A38-8C3E-7CD58C3BD3FD}.Debug|Any CPU.Build.0 = Debug|Any CPU
		{38061C95-2D8F-4A38-8C3E-7CD58C3BD3FD}.Release|Any CPU.ActiveCfg = Release|Any CPU
		{38061C95-2D8F-4A38-8C3E-7CD58C3BD3FD}.Release|Any CPU.Build.0 = Release|Any CPU
	EndGlobalSection
	GlobalSection(SolutionProperties) = preSolution
		HideSolutionNode = FALSE
	EndGlobalSection
	GlobalSection(ExtensibilityGlobals) = postSolution
		SolutionGuid = {55F114FE-89B3-45B8-A241-8F106C197E91}
	EndGlobalSection
EndGlobal
